// !$*UTF8*$!
{
	archiveVersion = 1;
	classes = {
	};
	objectVersion = 77;
	objects = {

/* Begin PBXBuildFile section */
		899F2B6D2E5DA9E0001D611F /* RealityKitContent in Frameworks */ = {isa = PBXBuildFile; productRef = 899F2B6C2E5DA9E0001D611F /* RealityKitContent */; };
/* End PBXBuildFile section */

/* Begin PBXContainerItemProxy section */
		899F2B832E5DA9E1001D611F /* PBXContainerItemProxy */ = {
			isa = PBXContainerItemProxy;
			containerPortal = 899F2B5F2E5DA9E0001D611F /* Project object */;
			proxyType = 1;
			remoteGlobalIDString = 899F2B662E5DA9E0001D611F;
			remoteInfo = "Visualization of DeepLearning";
		};
/* End PBXContainerItemProxy section */

/* Begin PBXFileReference section */
		899F2B672E5DA9E0001D611F /* Visualization of DeepLearning.app */ = {isa = PBXFileReference; explicitFileType = wrapper.application; includeInIndex = 0; path = "Visualization of DeepLearning.app"; sourceTree = BUILT_PRODUCTS_DIR; };
		899F2B6B2E5DA9E0001D611F /* RealityKitContent */ = {isa = PBXFileReference; lastKnownFileType = wrapper; path = RealityKitContent; sourceTree = "<group>"; };
		899F2B822E5DA9E1001D611F /* Visualization of DeepLearningTests.xctest */ = {isa = PBXFileReference; explicitFileType = wrapper.cfbundle; includeInIndex = 0; path = "Visualization of DeepLearningTests.xctest"; sourceTree = BUILT_PRODUCTS_DIR; };
/* End PBXFileReference section */

/* Begin PBXFileSystemSynchronizedBuildFileExceptionSet section */
		899F2B882E5DA9E1001D611F /* Exceptions for "Visualization of DeepLearning" folder in "Visualization of DeepLearning" target */ = {
			isa = PBXFileSystemSynchronizedBuildFileExceptionSet;
			membershipExceptions = (
				Info.plist,
			);
			target = 899F2B662E5DA9E0001D611F /* Visualization of DeepLearning */;
		};
/* End PBXFileSystemSynchronizedBuildFileExceptionSet section */

/* Begin PBXFileSystemSynchronizedRootGroup section */
		899F2B692E5DA9E0001D611F /* Visualization of DeepLearning */ = {
			isa = PBXFileSystemSynchronizedRootGroup;
			exceptions = (
				899F2B882E5DA9E1001D611F /* Exceptions for "Visualization of DeepLearning" folder in "Visualization of DeepLearning" target */,
			);
			path = "Visualization of DeepLearning";
			sourceTree = "<group>";
		};
		899F2B852E5DA9E1001D611F /* Visualization of DeepLearningTests */ = {
			isa = PBXFileSystemSynchronizedRootGroup;
			path = "Visualization of DeepLearningTests";
			sourceTree = "<group>";
		};
/* End PBXFileSystemSynchronizedRootGroup section */

/* Begin PBXFrameworksBuildPhase section */
		899F2B642E5DA9E0001D611F /* Frameworks */ = {
			isa = PBXFrameworksBuildPhase;
			buildActionMask = 2147483647;
			files = (
				899F2B6D2E5DA9E0001D611F /* RealityKitContent in Frameworks */,
			);
			runOnlyForDeploymentPostprocessing = 0;
		};
		899F2B7F2E5DA9E1001D611F /* Frameworks */ = {
			isa = PBXFrameworksBuildPhase;
			buildActionMask = 2147483647;
			files = (
			);
			runOnlyForDeploymentPostprocessing = 0;
		};
/* End PBXFrameworksBuildPhase section */

/* Begin PBXGroup section */
		899F2B5E2E5DA9E0001D611F = {
			isa = PBXGroup;
			children = (
				899F2B692E5DA9E0001D611F /* Visualization of DeepLearning */,
				899F2B6A2E5DA9E0001D611F /* Packages */,
				899F2B852E5DA9E1001D611F /* Visualization of DeepLearningTests */,
				899F2B682E5DA9E0001D611F /* Products */,
			);
			sourceTree = "<group>";
		};
		899F2B682E5DA9E0001D611F /* Products */ = {
			isa = PBXGroup;
			children = (
				899F2B672E5DA9E0001D611F /* Visualization of DeepLearning.app */,
				899F2B822E5DA9E1001D611F /* Visualization of DeepLearningTests.xctest */,
			);
			name = Products;
			sourceTree = "<group>";
		};
		899F2B6A2E5DA9E0001D611F /* Packages */ = {
			isa = PBXGroup;
			children = (
				899F2B6B2E5DA9E0001D611F /* RealityKitContent */,
			);
			path = Packages;
			sourceTree = "<group>";
		};
/* End PBXGroup section */

/* Begin PBXNativeTarget section */
		899F2B662E5DA9E0001D611F /* Visualization of DeepLearning */ = {
			isa = PBXNativeTarget;
			buildConfigurationList = 899F2B892E5DA9E1001D611F /* Build configuration list for PBXNativeTarget "Visualization of DeepLearning" */;
			buildPhases = (
				899F2B632E5DA9E0001D611F /* Sources */,
				899F2B642E5DA9E0001D611F /* Frameworks */,
				899F2B652E5DA9E0001D611F /* Resources */,
			);
			buildRules = (
			);
			dependencies = (
			);
			fileSystemSynchronizedGroups = (
				899F2B692E5DA9E0001D611F /* Visualization of DeepLearning */,
			);
			name = "Visualization of DeepLearning";
			packageProductDependencies = (
				899F2B6C2E5DA9E0001D611F /* RealityKitContent */,
			);
			productName = "Visualization of DeepLearning";
			productReference = 899F2B672E5DA9E0001D611F /* Visualization of DeepLearning.app */;
			productType = "com.apple.product-type.application";
		};
		899F2B812E5DA9E1001D611F /* Visualization of DeepLearningTests */ = {
			isa = PBXNativeTarget;
			buildConfigurationList = 899F2B8E2E5DA9E1001D611F /* Build configuration list for PBXNativeTarget "Visualization of DeepLearningTests" */;
			buildPhases = (
				899F2B7E2E5DA9E1001D611F /* Sources */,
				899F2B7F2E5DA9E1001D611F /* Frameworks */,
				899F2B802E5DA9E1001D611F /* Resources */,
			);
			buildRules = (
			);
			dependencies = (
				899F2B842E5DA9E1001D611F /* PBXTargetDependency */,
			);
			fileSystemSynchronizedGroups = (
				899F2B852E5DA9E1001D611F /* Visualization of DeepLearningTests */,
			);
			name = "Visualization of DeepLearningTests";
			packageProductDependencies = (
			);
			productName = "Visualization of DeepLearningTests";
			productReference = 899F2B822E5DA9E1001D611F /* Visualization of DeepLearningTests.xctest */;
			productType = "com.apple.product-type.bundle.unit-test";
		};
/* End PBXNativeTarget section */

/* Begin PBXProject section */
		899F2B5F2E5DA9E0001D611F /* Project object */ = {
			isa = PBXProject;
			attributes = {
				BuildIndependentTargetsInParallel = 1;
				LastSwiftUpdateCheck = 1620;
				LastUpgradeCheck = 1620;
				TargetAttributes = {
					899F2B662E5DA9E0001D611F = {
						CreatedOnToolsVersion = 16.2;
					};
					899F2B812E5DA9E1001D611F = {
						CreatedOnToolsVersion = 16.2;
						TestTargetID = 899F2B662E5DA9E0001D611F;
					};
				};
			};
			buildConfigurationList = 899F2B622E5DA9E0001D611F /* Build configuration list for PBXProject "Visualization of DeepLearning" */;
			developmentRegion = en;
			hasScannedForEncodings = 0;
			knownRegions = (
				en,
				Base,
			);
			mainGroup = 899F2B5E2E5DA9E0001D611F;
			minimizedProjectReferenceProxies = 1;
			preferredProjectObjectVersion = 77;
			productRefGroup = 899F2B682E5DA9E0001D611F /* Products */;
			projectDirPath = "";
			projectRoot = "";
			targets = (
				899F2B662E5DA9E0001D611F /* Visualization of DeepLearning */,
				899F2B812E5DA9E1001D611F /* Visualization of DeepLearningTests */,
			);
		};
/* End PBXProject section */

/* Begin PBXResourcesBuildPhase section */
		899F2B652E5DA9E0001D611F /* Resources */ = {
			isa = PBXResourcesBuildPhase;
			buildActionMask = 2147483647;
			files = (
			);
			runOnlyForDeploymentPostprocessing = 0;
		};
		899F2B802E5DA9E1001D611F /* Resources */ = {
			isa = PBXResourcesBuildPhase;
			buildActionMask = 2147483647;
			files = (
			);
			runOnlyForDeploymentPostprocessing = 0;
		};
/* End PBXResourcesBuildPhase section */

/* Begin PBXSourcesBuildPhase section */
		899F2B632E5DA9E0001D611F /* Sources */ = {
			isa = PBXSourcesBuildPhase;
			buildActionMask = 2147483647;
			files = (
			);
			runOnlyForDeploymentPostprocessing = 0;
		};
		899F2B7E2E5DA9E1001D611F /* Sources */ = {
			isa = PBXSourcesBuildPhase;
			buildActionMask = 2147483647;
			files = (
			);
			runOnlyForDeploymentPostprocessing = 0;
		};
/* End PBXSourcesBuildPhase section */

/* Begin PBXTargetDependency section */
		899F2B842E5DA9E1001D611F /* PBXTargetDependency */ = {
			isa = PBXTargetDependency;
			target = 899F2B662E5DA9E0001D611F /* Visualization of DeepLearning */;
			targetProxy = 899F2B832E5DA9E1001D611F /* PBXContainerItemProxy */;
		};
/* End PBXTargetDependency section */

/* Begin XCBuildConfiguration section */
		899F2B8A2E5DA9E1001D611F /* Debug */ = {
			isa = XCBuildConfiguration;
			buildSettings = {
				ASSETCATALOG_COMPILER_APPICON_NAME = AppIcon;
				ASSETCATALOG_COMPILER_GLOBAL_ACCENT_COLOR_NAME = AccentColor;
				CODE_SIGN_STYLE = Automatic;
				CURRENT_PROJECT_VERSION = 1;
				DEVELOPMENT_ASSET_PATHS = "\"Visualization of DeepLearning/Preview Content\"";
				DEVELOPMENT_TEAM = 2GUH5Y25Q8;
				ENABLE_PREVIEWS = YES;
				GENERATE_INFOPLIST_FILE = YES;
				INFOPLIST_FILE = "$(TARGET_NAME)/Info.plist";
				LD_RUNPATH_SEARCH_PATHS = (
					"$(inherited)",
					"@executable_path/Frameworks",
				);
				MARKETING_VERSION = 1.0;
				PRODUCT_BUNDLE_IDENTIFIER = "Inosens.Visualization-of-DeepLearning";
				PRODUCT_NAME = "$(TARGET_NAME)";
				SUPPORTED_PLATFORMS = "xros xrsimulator";
				SWIFT_EMIT_LOC_STRINGS = YES;
				SWIFT_VERSION = 5.0;
				TARGETED_DEVICE_FAMILY = 7;
			};
			name = Debug;
		};
		899F2B8B2E5DA9E1001D611F /* Release */ = {
			isa = XCBuildConfiguration;
			buildSettings = {
				ASSETCATALOG_COMPILER_APPICON_NAME = AppIcon;
				ASSETCATALOG_COMPILER_GLOBAL_ACCENT_COLOR_NAME = AccentColor;
				CODE_SIGN_STYLE = Automatic;
				CURRENT_PROJECT_VERSION = 1;
				DEVELOPMENT_ASSET_PATHS = "\"Visualization of DeepLearning/Preview Content\"";
				DEVELOPMENT_TEAM = 2GUH5Y25Q8;
				ENABLE_PREVIEWS = YES;
				GENERATE_INFOPLIST_FILE = YES;
				INFOPLIST_FILE = "$(TARGET_NAME)/Info.plist";
				LD_RUNPATH_SEARCH_PATHS = (
					"$(inherited)",
					"@executable_path/Frameworks",
				);
				MARKETING_VERSION = 1.0;
				PRODUCT_BUNDLE_IDENTIFIER = "Inosens.Visualization-of-DeepLearning";
				PRODUCT_NAME = "$(TARGET_NAME)";
				SUPPORTED_PLATFORMS = "xros xrsimulator";
				SWIFT_EMIT_LOC_STRINGS = YES;
				SWIFT_VERSION = 5.0;
				TARGETED_DEVICE_FAMILY = 7;
			};
			name = Release;
		};
		899F2B8C2E5DA9E1001D611F /* Debug */ = {
			isa = XCBuildConfiguration;
			buildSettings = {
				ALWAYS_SEARCH_USER_PATHS = NO;
				ASSETCATALOG_COMPILER_GENERATE_SWIFT_ASSET_SYMBOL_EXTENSIONS = YES;
				CLANG_ANALYZER_NONNULL = YES;
				CLANG_ANALYZER_NUMBER_OBJECT_CONVERSION = YES_AGGRESSIVE;
				CLANG_CXX_LANGUAGE_STANDARD = "gnu++20";
				CLANG_ENABLE_MODULES = YES;
				CLANG_ENABLE_OBJC_ARC = YES;
				CLANG_ENABLE_OBJC_WEAK = YES;
				CLANG_WARN_BLOCK_CAPTURE_AUTORELEASING = YES;
				CLANG_WARN_BOOL_CONVERSION = YES;
				CLANG_WARN_COMMA = YES;
				CLANG_WARN_CONSTANT_CONVERSION = YES;
				CLANG_WARN_DEPRECATED_OBJC_IMPLEMENTATIONS = YES;
				CLANG_WARN_DIRECT_OBJC_ISA_USAGE = YES_ERROR;
				CLANG_WARN_DOCUMENTATION_COMMENTS = YES;
				CLANG_WARN_EMPTY_BODY = YES;
				CLANG_WARN_ENUM_CONVERSION = YES;
				CLANG_WARN_INFINITE_RECURSION = YES;
				CLANG_WARN_INT_CONVERSION = YES;
				CLANG_WARN_NON_LITERAL_NULL_CONVERSION = YES;
				CLANG_WARN_OBJC_IMPLICIT_RETAIN_SELF = YES;
				CLANG_WARN_OBJC_LITERAL_CONVERSION = YES;
				CLANG_WARN_OBJC_ROOT_CLASS = YES_ERROR;
				CLANG_WARN_QUOTED_INCLUDE_IN_FRAMEWORK_HEADER = YES;
				CLANG_WARN_RANGE_LOOP_ANALYSIS = YES;
				CLANG_WARN_STRICT_PROTOTYPES = YES;
				CLANG_WARN_SUSPICIOUS_MOVE = YES;
				CLANG_WARN_UNGUARDED_AVAILABILITY = YES_AGGRESSIVE;
				CLANG_WARN_UNREACHABLE_CODE = YES;
				CLANG_WARN__DUPLICATE_METHOD_MATCH = YES;
				COPY_PHASE_STRIP = NO;
				DEBUG_INFORMATION_FORMAT = dwarf;
				ENABLE_STRICT_OBJC_MSGSEND = YES;
				ENABLE_TESTABILITY = YES;
				ENABLE_USER_SCRIPT_SANDBOXING = YES;
				GCC_C_LANGUAGE_STANDARD = gnu17;
				GCC_DYNAMIC_NO_PIC = NO;
				GCC_NO_COMMON_BLOCKS = YES;
				GCC_OPTIMIZATION_LEVEL = 0;
				GCC_PREPROCESSOR_DEFINITIONS = (
					"DEBUG=1",
					"$(inherited)",
				);
				GCC_WARN_64_TO_32_BIT_CONVERSION = YES;
				GCC_WARN_ABOUT_RETURN_TYPE = YES_ERROR;
				GCC_WARN_UNDECLARED_SELECTOR = YES;
				GCC_WARN_UNINITIALIZED_AUTOS = YES_AGGRESSIVE;
				GCC_WARN_UNUSED_FUNCTION = YES;
				GCC_WARN_UNUSED_VARIABLE = YES;
				LOCALIZATION_PREFERS_STRING_CATALOGS = YES;
				MTL_ENABLE_DEBUG_INFO = INCLUDE_SOURCE;
				MTL_FAST_MATH = YES;
				ONLY_ACTIVE_ARCH = YES;
				SDKROOT = xros;
				SWIFT_ACTIVE_COMPILATION_CONDITIONS = "DEBUG $(inherited)";
				SWIFT_OPTIMIZATION_LEVEL = "-Onone";
				XROS_DEPLOYMENT_TARGET = 2.2;
			};
			name = Debug;
		};
		899F2B8D2E5DA9E1001D611F /* Release */ = {
			isa = XCBuildConfiguration;
			buildSettings = {
				ALWAYS_SEARCH_USER_PATHS = NO;
				ASSETCATALOG_COMPILER_GENERATE_SWIFT_ASSET_SYMBOL_EXTENSIONS = YES;
				CLANG_ANALYZER_NONNULL = YES;
				CLANG_ANALYZER_NUMBER_OBJECT_CONVERSION = YES_AGGRESSIVE;
				CLANG_CXX_LANGUAGE_STANDARD = "gnu++20";
				CLANG_ENABLE_MODULES = YES;
				CLANG_ENABLE_OBJC_ARC = YES;
				CLANG_ENABLE_OBJC_WEAK = YES;
				CLANG_WARN_BLOCK_CAPTURE_AUTORELEASING = YES;
				CLANG_WARN_BOOL_CONVERSION = YES;
				CLANG_WARN_COMMA = YES;
				CLANG_WARN_CONSTANT_CONVERSION = YES;
				CLANG_WARN_DEPRECATED_OBJC_IMPLEMENTATIONS = YES;
				CLANG_WARN_DIRECT_OBJC_ISA_USAGE = YES_ERROR;
				CLANG_WARN_DOCUMENTATION_COMMENTS = YES;
				CLANG_WARN_EMPTY_BODY = YES;
				CLANG_WARN_ENUM_CONVERSION = YES;
				CLANG_WARN_INFINITE_RECURSION = YES;
				CLANG_WARN_INT_CONVERSION = YES;
				CLANG_WARN_NON_LITERAL_NULL_CONVERSION = YES;
				CLANG_WARN_OBJC_IMPLICIT_RETAIN_SELF = YES;
				CLANG_WARN_OBJC_LITERAL_CONVERSION = YES;
				CLANG_WARN_OBJC_ROOT_CLASS = YES_ERROR;
				CLANG_WARN_QUOTED_INCLUDE_IN_FRAMEWORK_HEADER = YES;
				CLANG_WARN_RANGE_LOOP_ANALYSIS = YES;
				CLANG_WARN_STRICT_PROTOTYPES = YES;
				CLANG_WARN_SUSPICIOUS_MOVE = YES;
				CLANG_WARN_UNGUARDED_AVAILABILITY = YES_AGGRESSIVE;
				CLANG_WARN_UNREACHABLE_CODE = YES;
				CLANG_WARN__DUPLICATE_METHOD_MATCH = YES;
				COPY_PHASE_STRIP = NO;
				DEBUG_INFORMATION_FORMAT = "dwarf-with-dsym";
				ENABLE_NS_ASSERTIONS = NO;
				ENABLE_STRICT_OBJC_MSGSEND = YES;
				ENABLE_USER_SCRIPT_SANDBOXING = YES;
				GCC_C_LANGUAGE_STANDARD = gnu17;
				GCC_NO_COMMON_BLOCKS = YES;
				GCC_WARN_64_TO_32_BIT_CONVERSION = YES;
				GCC_WARN_ABOUT_RETURN_TYPE = YES_ERROR;
				GCC_WARN_UNDECLARED_SELECTOR = YES;
				GCC_WARN_UNINITIALIZED_AUTOS = YES_AGGRESSIVE;
				GCC_WARN_UNUSED_FUNCTION = YES;
				GCC_WARN_UNUSED_VARIABLE = YES;
				LOCALIZATION_PREFERS_STRING_CATALOGS = YES;
				MTL_ENABLE_DEBUG_INFO = NO;
				MTL_FAST_MATH = YES;
				SDKROOT = xros;
				SWIFT_COMPILATION_MODE = wholemodule;
				VALIDATE_PRODUCT = YES;
				XROS_DEPLOYMENT_TARGET = 2.2;
			};
			name = Release;
		};
		899F2B8F2E5DA9E1001D611F /* Debug */ = {
			isa = XCBuildConfiguration;
			buildSettings = {
				BUNDLE_LOADER = "$(TEST_HOST)";
				CODE_SIGN_STYLE = Automatic;
				CURRENT_PROJECT_VERSION = 1;
				DEVELOPMENT_TEAM = 2GUH5Y25Q8;
				GENERATE_INFOPLIST_FILE = YES;
				MARKETING_VERSION = 1.0;
				PRODUCT_BUNDLE_IDENTIFIER = "Inosens.Visualization-of-DeepLearningTests";
				PRODUCT_NAME = "$(TARGET_NAME)";
				SUPPORTED_PLATFORMS = "xros xrsimulator";
				SWIFT_EMIT_LOC_STRINGS = NO;
				SWIFT_VERSION = 5.0;
				TARGETED_DEVICE_FAMILY = 7;
				TEST_HOST = "$(BUILT_PRODUCTS_DIR)/Visualization of DeepLearning.app/$(BUNDLE_EXECUTABLE_FOLDER_PATH)/Visualization of DeepLearning";
				XROS_DEPLOYMENT_TARGET = 2.2;
			};
			name = Debug;
		};
		899F2B902E5DA9E1001D611F /* Release */ = {
			isa = XCBuildConfiguration;
			buildSettings = {
				BUNDLE_LOADER = "$(TEST_HOST)";
				CODE_SIGN_STYLE = Automatic;
				CURRENT_PROJECT_VERSION = 1;
				DEVELOPMENT_TEAM = 2GUH5Y25Q8;
				GENERATE_INFOPLIST_FILE = YES;
				MARKETING_VERSION = 1.0;
				PRODUCT_BUNDLE_IDENTIFIER = "Inosens.Visualization-of-DeepLearningTests";
				PRODUCT_NAME = "$(TARGET_NAME)";
				SUPPORTED_PLATFORMS = "xros xrsimulator";
				SWIFT_EMIT_LOC_STRINGS = NO;
				SWIFT_VERSION = 5.0;
				TARGETED_DEVICE_FAMILY = 7;
				TEST_HOST = "$(BUILT_PRODUCTS_DIR)/Visualization of DeepLearning.app/$(BUNDLE_EXECUTABLE_FOLDER_PATH)/Visualization of DeepLearning";
				XROS_DEPLOYMENT_TARGET = 2.2;
			};
			name = Release;
		};
/* End XCBuildConfiguration section */

/* Begin XCConfigurationList section */
		899F2B622E5DA9E0001D611F /* Build configuration list for PBXProject "Visualization of DeepLearning" */ = {
			isa = XCConfigurationList;
			buildConfigurations = (
				899F2B8C2E5DA9E1001D611F /* Debug */,
				899F2B8D2E5DA9E1001D611F /* Release */,
			);
			defaultConfigurationIsVisible = 0;
			defaultConfigurationName = Release;
		};
		899F2B892E5DA9E1001D611F /* Build configuration list for PBXNativeTarget "Visualization of DeepLearning" */ = {
			isa = XCConfigurationList;
			buildConfigurations = (
				899F2B8A2E5DA9E1001D611F /* Debug */,
				899F2B8B2E5DA9E1001D611F /* Release */,
			);
			defaultConfigurationIsVisible = 0;
			defaultConfigurationName = Release;
		};
		899F2B8E2E5DA9E1001D611F /* Build configuration list for PBXNativeTarget "Visualization of DeepLearningTests" */ = {
			isa = XCConfigurationList;
			buildConfigurations = (
				899F2B8F2E5DA9E1001D611F /* Debug */,
				899F2B902E5DA9E1001D611F /* Release */,
			);
			defaultConfigurationIsVisible = 0;
			defaultConfigurationName = Release;
		};
/* End XCConfigurationList section */

/* Begin XCSwiftPackageProductDependency section */
		899F2B6C2E5DA9E0001D611F /* RealityKitContent */ = {
			isa = XCSwiftPackageProductDependency;
			productName = RealityKitContent;
		};
/* End XCSwiftPackageProductDependency section */
	};
	rootObject = 899F2B5F2E5DA9E0001D611F /* Project object */;
}
